{
  "version": 4,
  "terraform_version": "1.13.4",
  "serial": 6,
  "lineage": "5a5b6478-3bc2-3d3d-7f23-dd67237019f8",
  "outputs": {
    "server_ip": {
      "value": "3.228.25.195",
      "type": "string"
    }
  },
  "resources": [
    {
      "mode": "managed",
      "type": "aws_instance",
      "name": "app_server",
      "provider": "provider[\"registry.terraform.io/hashicorp/aws\"]",
      "instances": [
        {
          "schema_version": 1,
          "attributes": {
            "ami": "ami-04b4f1a9cf54c11d0",
            "arn": "arn:aws:ec2:us-east-1:608051992790:instance/i-03c0b5b47c2826433",
            "associate_public_ip_address": true,
            "availability_zone": "us-east-1f",
            "capacity_reservation_specification": [
              {
                "capacity_reservation_preference": "open",
                "capacity_reservation_target": []
              }
            ],
            "cpu_core_count": 1,
            "cpu_options": [
              {
                "amd_sev_snp": "",
                "core_count": 1,
                "threads_per_core": 2
              }
            ],
            "cpu_threads_per_core": 2,
            "credit_specification": [
              {
                "cpu_credits": "unlimited"
              }
            ],
            "disable_api_stop": false,
            "disable_api_termination": false,
            "ebs_block_device": [],
            "ebs_optimized": false,
            "enclave_options": [
              {
                "enabled": false
              }
            ],
            "ephemeral_block_device": [],
            "get_password_data": false,
            "hibernation": false,
            "host_id": "",
            "host_resource_group_arn": null,
            "iam_instance_profile": "",
            "id": "i-03c0b5b47c2826433",
            "instance_initiated_shutdown_behavior": "stop",
            "instance_state": "running",
            "instance_type": "t3.micro",
            "ipv6_address_count": 0,
            "ipv6_addresses": [],
            "key_name": "eventhub-key",
            "launch_template": [],
            "maintenance_options": [
              {
                "auto_recovery": "default"
              }
            ],
            "metadata_options": [
              {
                "http_endpoint": "enabled",
                "http_put_response_hop_limit": 2,
                "http_tokens": "required",
                "instance_metadata_tags": "disabled"
              }
            ],
            "monitoring": false,
            "network_interface": [],
            "outpost_arn": "",
            "password_data": "",
            "placement_group": "",
            "placement_partition_number": 0,
            "primary_network_interface_id": "eni-0fd28617782bca0f9",
            "private_dns": "ip-172-31-75-190.ec2.internal",
            "private_dns_name_options": [
              {
                "enable_resource_name_dns_a_record": false,
                "enable_resource_name_dns_aaaa_record": false,
                "hostname_type": "ip-name"
              }
            ],
            "private_ip": "172.31.75.190",
            "public_dns": "ec2-3-228-25-195.compute-1.amazonaws.com",
            "public_ip": "3.228.25.195",
            "root_block_device": [
              {
                "delete_on_termination": true,
                "device_name": "/dev/sda1",
                "encrypted": false,
                "iops": 3000,
                "kms_key_id": "",
                "tags": {},
                "throughput": 125,
                "volume_id": "vol-06500097dc94ddad7",
                "volume_size": 8,
                "volume_type": "gp3"
              }
            ],
            "secondary_private_ips": [],
            "security_groups": [
              "eventhub_security_group"
            ],
            "source_dest_check": true,
            "subnet_id": "subnet-08a237a8892b4a143",
            "tags": {
              "Name": "EventHub-Server"
            },
            "tags_all": {
              "Name": "EventHub-Server"
            },
            "tenancy": "default",
            "timeouts": null,
            "user_data": "812dd78ce933ef2ac789edd19b94e0bef962ba79",
            "user_data_base64": null,
            "user_data_replace_on_change": false,
            "volume_tags": null,
            "vpc_security_group_ids": [
              "sg-024651fe5765521d6"
            ]
          },
          "sensitive_attributes": [],
          "identity_schema_version": 0,
          "private": "eyJlMmJmYjczMC1lY2FhLTExZTYtOGY4OC0zNDM2M2JjN2M0YzAiOnsiY3JlYXRlIjo2MDAwMDAwMDAwMDAsImRlbGV0ZSI6MTIwMDAwMDAwMDAwMCwidXBkYXRlIjo2MDAwMDAwMDAwMDB9LCJzY2hlbWFfdmVyc2lvbiI6IjEifQ==",
          "dependencies": [
            "aws_key_pair.deployer",
            "aws_security_group.eventhub_sg"
          ]
        }
      ]
    },
    {
      "mode": "managed",
      "type": "aws_key_pair",
      "name": "deployer",
      "provider": "provider[\"registry.terraform.io/hashicorp/aws\"]",
      "instances": [
        {
          "schema_version": 1,
          "attributes": {
            "arn": "arn:aws:ec2:us-east-1:608051992790:key-pair/eventhub-key",
            "fingerprint": "60:d2:51:11:88:61:25:71:3e:f8:ac:bf:df:48:e7:ad",
            "id": "eventhub-key",
            "key_name": "eventhub-key",
            "key_name_prefix": "",
            "key_pair_id": "key-02b7def94653b2f38",
            "key_type": "rsa",
            "public_key": "ssh-rsa AAAAB3NzaC1yc2EAAAADAQABAAACAQC7blkGUgdFp0QyzYeIlzSmSDx6lTyEqIN+mS0q4azQiWCftoEMUQNKbWXWZdm+Q0K2uXAk/i8xoGwNB254YhTrihD/HLdcwfmRtPDzeCpse26N71HhTXR3DyKfb/sgoSA6UM/8yGbtDq5QHtjbHwzP2EYvpzmmHUJVw1g+tiSw0lZFc4309vBX9TlW6hRmCZ9eAV6R31b0NAWTuUtb4CccCZiclOKD69vYs24YZE9kyrIBXNiHCemp+JOFao9UcaISrm7yMnWA87boWZYhoQLqS6QnnR88VK/3FBoAainhD/bbmgS7dj5jOQsmyLQcVEAih+5rfjGFRWmXh+djWAeI5QtNUt1Di2nc06zTucb7PwJwbPxV8MZww+Bhvib6roQ41B1QcPetcCsmQPHfQ4YGriUsYgb5XlMuv7KAn8gk0fgd5zcwAjY+9LOHRl/4a8lpzXk2M7NK0bMMEaB5WnNzR+ot5KRtqodAHO8QQWxB1KpxE/k+hgc5dPP5eA00B90580uM0bSpprb9OsgSUkf1hJAKrPY3ypD3xMg/FMtYiHct/YhlCFiu+76nVsux9efsjXOnCdxqZHECV96rP6L1QGdtbj/XBFVK6Zp4vgQzTogpiU+vTYJcl9j4KnezpiQ2e6DSuBZ5tRf/G7a3m4dN78Njqb1crnMhpVW1WhpYnw== ashen@DESKTOP-BE77ER9",
            "tags": {},
            "tags_all": {}
          },
          "sensitive_attributes": [],
          "identity_schema_version": 0,
          "private": "eyJzY2hlbWFfdmVyc2lvbiI6IjEifQ=="
        }
      ]
    },
    {
      "mode": "managed",
      "type": "aws_security_group",
      "name": "eventhub_sg",
      "provider": "provider[\"registry.terraform.io/hashicorp/aws\"]",
      "instances": [
        {
          "schema_version": 1,
          "attributes": {
            "arn": "arn:aws:ec2:us-east-1:608051992790:security-group/sg-024651fe5765521d6",
            "description": "Allow SSH, Frontend, and Backend traffic",
            "egress": [
              {
                "cidr_blocks": [
                  "0.0.0.0/0"
                ],
                "description": "",
                "from_port": 0,
                "ipv6_cidr_blocks": [],
                "prefix_list_ids": [],
                "protocol": "-1",
                "security_groups": [],
                "self": false,
                "to_port": 0
              }
            ],
            "id": "sg-024651fe5765521d6",
            "ingress": [
              {
                "cidr_blocks": [
                  "0.0.0.0/0"
                ],
                "description": "Node Backend",
                "from_port": 5000,
                "ipv6_cidr_blocks": [],
                "prefix_list_ids": [],
                "protocol": "tcp",
                "security_groups": [],
                "self": false,
                "to_port": 5000
              },
              {
                "cidr_blocks": [
                  "0.0.0.0/0"
                ],
                "description": "React Frontend",
                "from_port": 3000,
                "ipv6_cidr_blocks": [],
                "prefix_list_ids": [],
                "protocol": "tcp",
                "security_groups": [],
                "self": false,
                "to_port": 3000
              },
              {
                "cidr_blocks": [
                  "0.0.0.0/0"
                ],
                "description": "SSH",
                "from_port": 22,
                "ipv6_cidr_blocks": [],
                "prefix_list_ids": [],
                "protocol": "tcp",
                "security_groups": [],
                "self": false,
                "to_port": 22
              }
            ],
            "name": "eventhub_security_group",
            "name_prefix": "",
            "owner_id": "608051992790",
            "revoke_rules_on_delete": false,
            "tags": {},
            "tags_all": {},
            "timeouts": null,
            "vpc_id": "vpc-0574f2edbdd4ac6e1"
          },
          "sensitive_attributes": [],
          "identity_schema_version": 0,
          "private": "eyJlMmJmYjczMC1lY2FhLTExZTYtOGY4OC0zNDM2M2JjN2M0YzAiOnsiY3JlYXRlIjo2MDAwMDAwMDAwMDAsImRlbGV0ZSI6OTAwMDAwMDAwMDAwfSwic2NoZW1hX3ZlcnNpb24iOiIxIn0="
        }
      ]
    }
  ],
  "check_results": null
}
